PODS:
  - GCDWebServer (3.3.4):
    - GCDWebServer/Core (= 3.3.4)
  - GCDWebServer/Core (3.3.4)
  - SBTUITestTunnel (3.4.1):
    - SBTUITestTunnel/Client (= 3.4.1)
    - SBTUITestTunnel/Server (= 3.4.1)
  - SBTUITestTunnel/Client (3.4.1)
  - SBTUITestTunnel/Server (3.4.1):
    - GCDWebServer (~> 3.0)

DEPENDENCIES:
  - GCDWebServer (from `https://github.com/tcamin/GCDWebServer.git`)
  - SBTUITestTunnel (from `../`)

EXTERNAL SOURCES:
  GCDWebServer:
    :git: https://github.com/tcamin/GCDWebServer.git
  SBTUITestTunnel:
    :path: "../"

CHECKOUT OPTIONS:
  GCDWebServer:
    :commit: b6cfccde8fee64007632422096962687d5627e85
    :git: https://github.com/tcamin/GCDWebServer.git

SPEC CHECKSUMS:
  GCDWebServer: 0bd712acb4f246ce04d2ac321d33278fb1f72e63
  SBTUITestTunnel: dfcb54d93a03090942f08a2d819a5bf7abd6c932

PODFILE CHECKSUM: 3f3630329d4b66eecc2f10660349e1206670e87c

COCOAPODS: 1.7.2
